
Microsoft Visual Studio Solution File, Format Version 12.00
# Visual Studio Version 17
VisualStudioVersion = 17.1.32407.343
MinimumVisualStudioVersion = 10.0.40219.1
Project("{FAE04EC0-301F-11D3-BF4B-00C04F79EFBC}") = "WindowsAction", "WinAction\WindowsAction.csproj", "{A6020416-C2B5-49E9-BE3A-82A5AA5DE2E9}"
EndProject
Global
	GlobalSection(SolutionConfigurationPlatforms) = preSolution
		Debug|Any CPU = Debug|Any CPU
		Release|Any CPU = Release|Any CPU
	EndGlobalSection
	GlobalSection(ProjectConfigurationPlatforms) = postSolution
		{A6020416-C2B5-49E9-BE3A-82A5AA5DE2E9}.Debug|Any CPU.ActiveCfg = Debug|Any CPU
		{A6020416-C2B5-49E9-BE3A-82A5AA5DE2E9}.Debug|Any CPU.Build.0 = Debug|Any CPU
		{A6020416-C2B5-49E9-BE3A-82A5AA5DE2E9}.Release|Any CPU.ActiveCfg = Release|Any CPU
		{A6020416-C2B5-49E9-BE3A-82A5AA5DE2E9}.Release|Any CPU.Build.0 = Release|Any CPU
	EndGlobalSection
	GlobalSection(SolutionProperties) = preSolution
		HideSolutionNode = FALSE
	EndGlobalSection
	GlobalSection(ExtensibilityGlobals) = postSolution
		SolutionGuid = {0DBC4001-DD6F-4FAA-995C-08F29684D1B7}
	EndGlobalSection
EndGlobal
